
Microsoft Visual Studio Solution File, Format Version 12.00
# Visual Studio Version 17
VisualStudioVersion = 17.4.33213.308
MinimumVisualStudioVersion = 10.0.40219.1
Project("{FAE04EC0-301F-11D3-BF4B-00C04F79EFBC}") = "WpfApp1", "WpfApp1.csproj", "{561A19B1-082F-4DEE-AEB5-E83B40CEB730}"
EndProject
Global
	GlobalSection(SolutionConfigurationPlatforms) = preSolution
		Debug|Any CPU = Debug|Any CPU
		Release|Any CPU = Release|Any CPU
	EndGlobalSection
	GlobalSection(ProjectConfigurationPlatforms) = postSolution
		{561A19B1-082F-4DEE-AEB5-E83B40CEB730}.Debug|Any CPU.ActiveCfg = Debug|Any CPU
		{561A19B1-082F-4DEE-AEB5-E83B40CEB730}.Debug|Any CPU.Build.0 = Debug|Any CPU
		{561A19B1-082F-4DEE-AEB5-E83B40CEB730}.Release|Any CPU.ActiveCfg = Release|Any CPU
		{561A19B1-082F-4DEE-AEB5-E83B40CEB730}.Release|Any CPU.Build.0 = Release|Any CPU
	EndGlobalSection
	GlobalSection(SolutionProperties) = preSolution
		HideSolutionNode = FALSE
	EndGlobalSection
	GlobalSection(ExtensibilityGlobals) = postSolution
		SolutionGuid = {25B7CC2A-BCE2-4E43-A99C-2EAFB11AD7EF}
	EndGlobalSection
EndGlobal
